{
  "name": "castle-python-example",
  "version": "1.0.0",
  "lockfileVersion": 2,
  "requires": true,
  "packages": {
    "": {
      "name": "castle-python-example",
      "version": "1.0.0",
      "license": "ISC",
      "dependencies": {
        "@castleio/castle-js": "^2.1.7"
      }
    },
    "node_modules/@castleio/castle-js": {
      "version": "2.1.7",
      "resolved": "https://registry.npmjs.org/@castleio/castle-js/-/castle-js-2.1.7.tgz",
      "integrity": "sha512-jGTMMCBZHdUqnLPBpZT4D2rCZXjHhHoJu0EFdKRZrpWA8Gdm/0wJ0XVNvs82HxmkUsxG30RcjCzfVW4fGmUIOA=="
    }
  },
  "dependencies": {
    "@castleio/castle-js": {
      "version": "2.1.7",
      "resolved": "https://registry.npmjs.org/@castleio/castle-js/-/castle-js-2.1.7.tgz",
      "integrity": "sha512-jGTMMCBZHdUqnLPBpZT4D2rCZXjHhHoJu0EFdKRZrpWA8Gdm/0wJ0XVNvs82HxmkUsxG30RcjCzfVW4fGmUIOA=="
    }
  }
}
